// !$*UTF8*$!
{
	archiveVersion = 1;
	classes = {
	};
	objectVersion = 56;
	objects = {

/* Begin PBXBuildFile section */
		111E425A298E9F4200D11525 /* AccountView.swift in Sources */ = {isa = PBXBuildFile; fileRef = 111E4259298E9F4200D11525 /* AccountView.swift */; };
		111E425D298EA6FD00D11525 /* CodableFirebase in Frameworks */ = {isa = PBXBuildFile; productRef = 111E425C298EA6FD00D11525 /* CodableFirebase */; };
		111E4260298EABCE00D11525 /* FirebaseAuth in Frameworks */ = {isa = PBXBuildFile; productRef = 111E425F298EABCE00D11525 /* FirebaseAuth */; };
		111E4262298EABCE00D11525 /* FirebaseDatabase in Frameworks */ = {isa = PBXBuildFile; productRef = 111E4261298EABCE00D11525 /* FirebaseDatabase */; };
		111E4264298EABCE00D11525 /* FirebaseDatabaseSwift in Frameworks */ = {isa = PBXBuildFile; productRef = 111E4263298EABCE00D11525 /* FirebaseDatabaseSwift */; };
		111E4266298EABCE00D11525 /* FirebaseMessaging in Frameworks */ = {isa = PBXBuildFile; productRef = 111E4265298EABCE00D11525 /* FirebaseMessaging */; };
		111E4268298EABCE00D11525 /* FirebaseStorage in Frameworks */ = {isa = PBXBuildFile; productRef = 111E4267298EABCE00D11525 /* FirebaseStorage */; };
		111E426A298EAEA500D11525 /* ImagePicker.swift in Sources */ = {isa = PBXBuildFile; fileRef = 111E4269298EAEA500D11525 /* ImagePicker.swift */; };
		1157EEA8298E8D1100F9FE3F /* AuthenticationModelData.swift in Sources */ = {isa = PBXBuildFile; fileRef = 1157EEA7298E8D1100F9FE3F /* AuthenticationModelData.swift */; };
		1157EEAB298E909300F9FE3F /* GoogleSignIn in Frameworks */ = {isa = PBXBuildFile; productRef = 1157EEAA298E909300F9FE3F /* GoogleSignIn */; };
		1157EEAD298E909300F9FE3F /* GoogleSignInSwift in Frameworks */ = {isa = PBXBuildFile; productRef = 1157EEAC298E909300F9FE3F /* GoogleSignInSwift */; };
		1157EEB0298E934A00F9FE3F /* GoogleSignInButton.swift in Sources */ = {isa = PBXBuildFile; fileRef = 1157EEAF298E934A00F9FE3F /* GoogleSignInButton.swift */; };
		1157EEB2298E94A700F9FE3F /* LoginView.swift in Sources */ = {isa = PBXBuildFile; fileRef = 1157EEB1298E94A700F9FE3F /* LoginView.swift */; };
		1157EEB4298E971F00F9FE3F /* HomeView.swift in Sources */ = {isa = PBXBuildFile; fileRef = 1157EEB3298E971F00F9FE3F /* HomeView.swift */; };
		1157EEB6298E97D500F9FE3F /* NetworkImage.swift in Sources */ = {isa = PBXBuildFile; fileRef = 1157EEB5298E97D500F9FE3F /* NetworkImage.swift */; };
		116FC152298774D600B1A2B6 /* ItemManagerApp.swift in Sources */ = {isa = PBXBuildFile; fileRef = 116FC151298774D500B1A2B6 /* ItemManagerApp.swift */; };
		116FC154298774D600B1A2B6 /* ContentView.swift in Sources */ = {isa = PBXBuildFile; fileRef = 116FC153298774D600B1A2B6 /* ContentView.swift */; };
		116FC156298774D700B1A2B6 /* Assets.xcassets in Resources */ = {isa = PBXBuildFile; fileRef = 116FC155298774D700B1A2B6 /* Assets.xcassets */; };
		116FC159298774D700B1A2B6 /* Preview Assets.xcassets in Resources */ = {isa = PBXBuildFile; fileRef = 116FC158298774D700B1A2B6 /* Preview Assets.xcassets */; };
		116FC1602987750100B1A2B6 /* ItemModelData.swift in Sources */ = {isa = PBXBuildFile; fileRef = 116FC15F2987750100B1A2B6 /* ItemModelData.swift */; };
		116FC1622987756A00B1A2B6 /* Item.swift in Sources */ = {isa = PBXBuildFile; fileRef = 116FC1612987756A00B1A2B6 /* Item.swift */; };
		116FC1642987792800B1A2B6 /* ItemDetail.swift in Sources */ = {isa = PBXBuildFile; fileRef = 116FC1632987792800B1A2B6 /* ItemDetail.swift */; };
		116FC16629877E5F00B1A2B6 /* AddNewItem.swift in Sources */ = {isa = PBXBuildFile; fileRef = 116FC16529877E5F00B1A2B6 /* AddNewItem.swift */; };
		11736D65298E81B600D89139 /* ItemList.swift in Sources */ = {isa = PBXBuildFile; fileRef = 11736D64298E81B600D89139 /* ItemList.swift */; };
		11736D67298E873100D89139 /* GoogleService-Info.plist in Resources */ = {isa = PBXBuildFile; fileRef = 11736D66298E873100D89139 /* GoogleService-Info.plist */; };
/* End PBXBuildFile section */

/* Begin PBXFileReference section */
		111E4259298E9F4200D11525 /* AccountView.swift */ = {isa = PBXFileReference; lastKnownFileType = sourcecode.swift; path = AccountView.swift; sourceTree = "<group>"; };
		111E4269298EAEA500D11525 /* ImagePicker.swift */ = {isa = PBXFileReference; lastKnownFileType = sourcecode.swift; path = ImagePicker.swift; sourceTree = "<group>"; };
		1157EEA7298E8D1100F9FE3F /* AuthenticationModelData.swift */ = {isa = PBXFileReference; lastKnownFileType = sourcecode.swift; path = AuthenticationModelData.swift; sourceTree = "<group>"; };
		1157EEAF298E934A00F9FE3F /* GoogleSignInButton.swift */ = {isa = PBXFileReference; lastKnownFileType = sourcecode.swift; path = GoogleSignInButton.swift; sourceTree = "<group>"; };
		1157EEB1298E94A700F9FE3F /* LoginView.swift */ = {isa = PBXFileReference; lastKnownFileType = sourcecode.swift; path = LoginView.swift; sourceTree = "<group>"; };
		1157EEB3298E971F00F9FE3F /* HomeView.swift */ = {isa = PBXFileReference; lastKnownFileType = sourcecode.swift; path = HomeView.swift; sourceTree = "<group>"; };
		1157EEB5298E97D500F9FE3F /* NetworkImage.swift */ = {isa = PBXFileReference; lastKnownFileType = sourcecode.swift; path = NetworkImage.swift; sourceTree = "<group>"; };
		116FC14E298774D500B1A2B6 /* ItemManager.app */ = {isa = PBXFileReference; explicitFileType = wrapper.application; includeInIndex = 0; path = ItemManager.app; sourceTree = BUILT_PRODUCTS_DIR; };
		116FC151298774D500B1A2B6 /* ItemManagerApp.swift */ = {isa = PBXFileReference; lastKnownFileType = sourcecode.swift; path = ItemManagerApp.swift; sourceTree = "<group>"; };
		116FC153298774D600B1A2B6 /* ContentView.swift */ = {isa = PBXFileReference; lastKnownFileType = sourcecode.swift; path = ContentView.swift; sourceTree = "<group>"; };
		116FC155298774D700B1A2B6 /* Assets.xcassets */ = {isa = PBXFileReference; lastKnownFileType = folder.assetcatalog; path = Assets.xcassets; sourceTree = "<group>"; };
		116FC158298774D700B1A2B6 /* Preview Assets.xcassets */ = {isa = PBXFileReference; lastKnownFileType = folder.assetcatalog; path = "Preview Assets.xcassets"; sourceTree = "<group>"; };
		116FC15F2987750100B1A2B6 /* ItemModelData.swift */ = {isa = PBXFileReference; lastKnownFileType = sourcecode.swift; path = ItemModelData.swift; sourceTree = "<group>"; };
		116FC1612987756A00B1A2B6 /* Item.swift */ = {isa = PBXFileReference; lastKnownFileType = sourcecode.swift; path = Item.swift; sourceTree = "<group>"; };
		116FC1632987792800B1A2B6 /* ItemDetail.swift */ = {isa = PBXFileReference; lastKnownFileType = sourcecode.swift; path = ItemDetail.swift; sourceTree = "<group>"; };
		116FC16529877E5F00B1A2B6 /* AddNewItem.swift */ = {isa = PBXFileReference; lastKnownFileType = sourcecode.swift; path = AddNewItem.swift; sourceTree = "<group>"; };
		11736D64298E81B600D89139 /* ItemList.swift */ = {isa = PBXFileReference; lastKnownFileType = sourcecode.swift; path = ItemList.swift; sourceTree = "<group>"; };
		11736D66298E873100D89139 /* GoogleService-Info.plist */ = {isa = PBXFileReference; fileEncoding = 4; lastKnownFileType = text.plist.xml; path = "GoogleService-Info.plist"; sourceTree = "<group>"; };
		11736D6D298E880900D89139 /* Info.plist */ = {isa = PBXFileReference; lastKnownFileType = text.plist; path = Info.plist; sourceTree = "<group>"; };
/* End PBXFileReference section */

/* Begin PBXFrameworksBuildPhase section */
		116FC14B298774D500B1A2B6 /* Frameworks */ = {
			isa = PBXFrameworksBuildPhase;
			buildActionMask = 2147483647;
			files = (
				111E4264298EABCE00D11525 /* FirebaseDatabaseSwift in Frameworks */,
				111E4262298EABCE00D11525 /* FirebaseDatabase in Frameworks */,
				111E4266298EABCE00D11525 /* FirebaseMessaging in Frameworks */,
				111E425D298EA6FD00D11525 /* CodableFirebase in Frameworks */,
				1157EEAB298E909300F9FE3F /* GoogleSignIn in Frameworks */,
				111E4268298EABCE00D11525 /* FirebaseStorage in Frameworks */,
				1157EEAD298E909300F9FE3F /* GoogleSignInSwift in Frameworks */,
				111E4260298EABCE00D11525 /* FirebaseAuth in Frameworks */,
			);
			runOnlyForDeploymentPostprocessing = 0;
		};
/* End PBXFrameworksBuildPhase section */

/* Begin PBXGroup section */
		111E4258298E9F3400D11525 /* Account */ = {
			isa = PBXGroup;
			children = (
				111E4259298E9F4200D11525 /* AccountView.swift */,
				1157EEB5298E97D500F9FE3F /* NetworkImage.swift */,
			);
			path = Account;
			sourceTree = "<group>";
		};
		1157EEAE298E933600F9FE3F /* Auth */ = {
			isa = PBXGroup;
			children = (
				1157EEAF298E934A00F9FE3F /* GoogleSignInButton.swift */,
				1157EEB1298E94A700F9FE3F /* LoginView.swift */,
			);
			path = Auth;
			sourceTree = "<group>";
		};
		116FC145298774D500B1A2B6 = {
			isa = PBXGroup;
			children = (
				116FC150298774D500B1A2B6 /* ItemManager */,
				116FC14F298774D500B1A2B6 /* Products */,
			);
			sourceTree = "<group>";
		};
		116FC14F298774D500B1A2B6 /* Products */ = {
			isa = PBXGroup;
			children = (
				116FC14E298774D500B1A2B6 /* ItemManager.app */,
			);
			name = Products;
			sourceTree = "<group>";
		};
		116FC150298774D500B1A2B6 /* ItemManager */ = {
			isa = PBXGroup;
			children = (
				11736D62298E812300D89139 /* Models */,
				11736D61298E811B00D89139 /* Views */,
				116FC151298774D500B1A2B6 /* ItemManagerApp.swift */,
				116FC155298774D700B1A2B6 /* Assets.xcassets */,
				11736D66298E873100D89139 /* GoogleService-Info.plist */,
				11736D6D298E880900D89139 /* Info.plist */,
				116FC157298774D700B1A2B6 /* Preview Content */,
			);
			path = ItemManager;
			sourceTree = "<group>";
		};
		116FC157298774D700B1A2B6 /* Preview Content */ = {
			isa = PBXGroup;
			children = (
				116FC158298774D700B1A2B6 /* Preview Assets.xcassets */,
			);
			path = "Preview Content";
			sourceTree = "<group>";
		};
		11736D61298E811B00D89139 /* Views */ = {
			isa = PBXGroup;
			children = (
				1157EEB3298E971F00F9FE3F /* HomeView.swift */,
				116FC153298774D600B1A2B6 /* ContentView.swift */,
				111E4258298E9F3400D11525 /* Account */,
				1157EEAE298E933600F9FE3F /* Auth */,
				11736D63298E819200D89139 /* Item */,
				111E4269298EAEA500D11525 /* ImagePicker.swift */,
			);
			path = Views;
			sourceTree = "<group>";
		};
		11736D62298E812300D89139 /* Models */ = {
			isa = PBXGroup;
			children = (
				116FC15F2987750100B1A2B6 /* ItemModelData.swift */,
				116FC1612987756A00B1A2B6 /* Item.swift */,
				1157EEA7298E8D1100F9FE3F /* AuthenticationModelData.swift */,
			);
			path = Models;
			sourceTree = "<group>";
		};
		11736D63298E819200D89139 /* Item */ = {
			isa = PBXGroup;
			children = (
				116FC16529877E5F00B1A2B6 /* AddNewItem.swift */,
				116FC1632987792800B1A2B6 /* ItemDetail.swift */,
				11736D64298E81B600D89139 /* ItemList.swift */,
			);
			path = Item;
			sourceTree = "<group>";
		};
/* End PBXGroup section */

/* Begin PBXNativeTarget section */
		116FC14D298774D500B1A2B6 /* ItemManager */ = {
			isa = PBXNativeTarget;
			buildConfigurationList = 116FC15C298774D700B1A2B6 /* Build configuration list for PBXNativeTarget "ItemManager" */;
			buildPhases = (
				116FC14A298774D500B1A2B6 /* Sources */,
				116FC14B298774D500B1A2B6 /* Frameworks */,
				116FC14C298774D500B1A2B6 /* Resources */,
			);
			buildRules = (
			);
			dependencies = (
			);
			name = ItemManager;
			packageProductDependencies = (
				1157EEAA298E909300F9FE3F /* GoogleSignIn */,
				1157EEAC298E909300F9FE3F /* GoogleSignInSwift */,
				111E425C298EA6FD00D11525 /* CodableFirebase */,
				111E425F298EABCE00D11525 /* FirebaseAuth */,
				111E4261298EABCE00D11525 /* FirebaseDatabase */,
				111E4263298EABCE00D11525 /* FirebaseDatabaseSwift */,
				111E4265298EABCE00D11525 /* FirebaseMessaging */,
				111E4267298EABCE00D11525 /* FirebaseStorage */,
			);
			productName = ItemManager;
			productReference = 116FC14E298774D500B1A2B6 /* ItemManager.app */;
			productType = "com.apple.product-type.application";
		};
/* End PBXNativeTarget section */

/* Begin PBXProject section */
		116FC146298774D500B1A2B6 /* Project object */ = {
			isa = PBXProject;
			attributes = {
				BuildIndependentTargetsInParallel = 1;
				LastSwiftUpdateCheck = 1420;
				LastUpgradeCheck = 1420;
				TargetAttributes = {
					116FC14D298774D500B1A2B6 = {
						CreatedOnToolsVersion = 14.2;
					};
				};
			};
			buildConfigurationList = 116FC149298774D500B1A2B6 /* Build configuration list for PBXProject "ItemManager" */;
			compatibilityVersion = "Xcode 14.0";
			developmentRegion = en;
			hasScannedForEncodings = 0;
			knownRegions = (
				en,
				Base,
			);
			mainGroup = 116FC145298774D500B1A2B6;
			packageReferences = (
				1157EEA9298E909300F9FE3F /* XCRemoteSwiftPackageReference "GoogleSignIn-iOS" */,
				111E425B298EA6FD00D11525 /* XCRemoteSwiftPackageReference "CodableFirebase" */,
				111E425E298EABCE00D11525 /* XCRemoteSwiftPackageReference "firebase-ios-sdk" */,
			);
			productRefGroup = 116FC14F298774D500B1A2B6 /* Products */;
			projectDirPath = "";
			projectRoot = "";
			targets = (
				116FC14D298774D500B1A2B6 /* ItemManager */,
			);
		};
/* End PBXProject section */

/* Begin PBXResourcesBuildPhase section */
		116FC14C298774D500B1A2B6 /* Resources */ = {
			isa = PBXResourcesBuildPhase;
			buildActionMask = 2147483647;
			files = (
				116FC159298774D700B1A2B6 /* Preview Assets.xcassets in Resources */,
				11736D67298E873100D89139 /* GoogleService-Info.plist in Resources */,
				116FC156298774D700B1A2B6 /* Assets.xcassets in Resources */,
			);
			runOnlyForDeploymentPostprocessing = 0;
		};
/* End PBXResourcesBuildPhase section */

/* Begin PBXSourcesBuildPhase section */
		116FC14A298774D500B1A2B6 /* Sources */ = {
			isa = PBXSourcesBuildPhase;
			buildActionMask = 2147483647;
			files = (
				116FC1622987756A00B1A2B6 /* Item.swift in Sources */,
				116FC154298774D600B1A2B6 /* ContentView.swift in Sources */,
				116FC152298774D600B1A2B6 /* ItemManagerApp.swift in Sources */,
				111E426A298EAEA500D11525 /* ImagePicker.swift in Sources */,
				1157EEA8298E8D1100F9FE3F /* AuthenticationModelData.swift in Sources */,
				1157EEB0298E934A00F9FE3F /* GoogleSignInButton.swift in Sources */,
				1157EEB4298E971F00F9FE3F /* HomeView.swift in Sources */,
				11736D65298E81B600D89139 /* ItemList.swift in Sources */,
				116FC1642987792800B1A2B6 /* ItemDetail.swift in Sources */,
				116FC1602987750100B1A2B6 /* ItemModelData.swift in Sources */,
				1157EEB2298E94A700F9FE3F /* LoginView.swift in Sources */,
				1157EEB6298E97D500F9FE3F /* NetworkImage.swift in Sources */,
				111E425A298E9F4200D11525 /* AccountView.swift in Sources */,
				116FC16629877E5F00B1A2B6 /* AddNewItem.swift in Sources */,
			);
			runOnlyForDeploymentPostprocessing = 0;
		};
/* End PBXSourcesBuildPhase section */

/* Begin XCBuildConfiguration section */
		116FC15A298774D700B1A2B6 /* Debug */ = {
			isa = XCBuildConfiguration;
			buildSettings = {
				ALWAYS_SEARCH_USER_PATHS = NO;
				CLANG_ANALYZER_NONNULL = YES;
				CLANG_ANALYZER_NUMBER_OBJECT_CONVERSION = YES_AGGRESSIVE;
				CLANG_CXX_LANGUAGE_STANDARD = "gnu++20";
				CLANG_ENABLE_MODULES = YES;
				CLANG_ENABLE_OBJC_ARC = YES;
				CLANG_ENABLE_OBJC_WEAK = YES;
				CLANG_WARN_BLOCK_CAPTURE_AUTORELEASING = YES;
				CLANG_WARN_BOOL_CONVERSION = YES;
				CLANG_WARN_COMMA = YES;
				CLANG_WARN_CONSTANT_CONVERSION = YES;
				CLANG_WARN_DEPRECATED_OBJC_IMPLEMENTATIONS = YES;
				CLANG_WARN_DIRECT_OBJC_ISA_USAGE = YES_ERROR;
				CLANG_WARN_DOCUMENTATION_COMMENTS = YES;
				CLANG_WARN_EMPTY_BODY = YES;
				CLANG_WARN_ENUM_CONVERSION = YES;
				CLANG_WARN_INFINITE_RECURSION = YES;
				CLANG_WARN_INT_CONVERSION = YES;
				CLANG_WARN_NON_LITERAL_NULL_CONVERSION = YES;
				CLANG_WARN_OBJC_IMPLICIT_RETAIN_SELF = YES;
				CLANG_WARN_OBJC_LITERAL_CONVERSION = YES;
				CLANG_WARN_OBJC_ROOT_CLASS = YES_ERROR;
				CLANG_WARN_QUOTED_INCLUDE_IN_FRAMEWORK_HEADER = YES;
				CLANG_WARN_RANGE_LOOP_ANALYSIS = YES;
				CLANG_WARN_STRICT_PROTOTYPES = YES;
				CLANG_WARN_SUSPICIOUS_MOVE = YES;
				CLANG_WARN_UNGUARDED_AVAILABILITY = YES_AGGRESSIVE;
				CLANG_WARN_UNREACHABLE_CODE = YES;
				CLANG_WARN__DUPLICATE_METHOD_MATCH = YES;
				COPY_PHASE_STRIP = NO;
				DEBUG_INFORMATION_FORMAT = dwarf;
				ENABLE_STRICT_OBJC_MSGSEND = YES;
				ENABLE_TESTABILITY = YES;
				GCC_C_LANGUAGE_STANDARD = gnu11;
				GCC_DYNAMIC_NO_PIC = NO;
				GCC_NO_COMMON_BLOCKS = YES;
				GCC_OPTIMIZATION_LEVEL = 0;
				GCC_PREPROCESSOR_DEFINITIONS = (
					"DEBUG=1",
					"$(inherited)",
				);
				GCC_WARN_64_TO_32_BIT_CONVERSION = YES;
				GCC_WARN_ABOUT_RETURN_TYPE = YES_ERROR;
				GCC_WARN_UNDECLARED_SELECTOR = YES;
				GCC_WARN_UNINITIALIZED_AUTOS = YES_AGGRESSIVE;
				GCC_WARN_UNUSED_FUNCTION = YES;
				GCC_WARN_UNUSED_VARIABLE = YES;
				IPHONEOS_DEPLOYMENT_TARGET = 16.1;
				MTL_ENABLE_DEBUG_INFO = INCLUDE_SOURCE;
				MTL_FAST_MATH = YES;
				ONLY_ACTIVE_ARCH = YES;
				SDKROOT = iphoneos;
				SWIFT_ACTIVE_COMPILATION_CONDITIONS = DEBUG;
				SWIFT_OPTIMIZATION_LEVEL = "-Onone";
			};
			name = Debug;
		};
		116FC15B298774D700B1A2B6 /* Release */ = {
			isa = XCBuildConfiguration;
			buildSettings = {
				ALWAYS_SEARCH_USER_PATHS = NO;
				CLANG_ANALYZER_NONNULL = YES;
				CLANG_ANALYZER_NUMBER_OBJECT_CONVERSION = YES_AGGRESSIVE;
				CLANG_CXX_LANGUAGE_STANDARD = "gnu++20";
				CLANG_ENABLE_MODULES = YES;
				CLANG_ENABLE_OBJC_ARC = YES;
				CLANG_ENABLE_OBJC_WEAK = YES;
				CLANG_WARN_BLOCK_CAPTURE_AUTORELEASING = YES;
				CLANG_WARN_BOOL_CONVERSION = YES;
				CLANG_WARN_COMMA = YES;
				CLANG_WARN_CONSTANT_CONVERSION = YES;
				CLANG_WARN_DEPRECATED_OBJC_IMPLEMENTATIONS = YES;
				CLANG_WARN_DIRECT_OBJC_ISA_USAGE = YES_ERROR;
				CLANG_WARN_DOCUMENTATION_COMMENTS = YES;
				CLANG_WARN_EMPTY_BODY = YES;
				CLANG_WARN_ENUM_CONVERSION = YES;
				CLANG_WARN_INFINITE_RECURSION = YES;
				CLANG_WARN_INT_CONVERSION = YES;
				CLANG_WARN_NON_LITERAL_NULL_CONVERSION = YES;
				CLANG_WARN_OBJC_IMPLICIT_RETAIN_SELF = YES;
				CLANG_WARN_OBJC_LITERAL_CONVERSION = YES;
				CLANG_WARN_OBJC_ROOT_CLASS = YES_ERROR;
				CLANG_WARN_QUOTED_INCLUDE_IN_FRAMEWORK_HEADER = YES;
				CLANG_WARN_RANGE_LOOP_ANALYSIS = YES;
				CLANG_WARN_STRICT_PROTOTYPES = YES;
				CLANG_WARN_SUSPICIOUS_MOVE = YES;
				CLANG_WARN_UNGUARDED_AVAILABILITY = YES_AGGRESSIVE;
				CLANG_WARN_UNREACHABLE_CODE = YES;
				CLANG_WARN__DUPLICATE_METHOD_MATCH = YES;
				COPY_PHASE_STRIP = NO;
				DEBUG_INFORMATION_FORMAT = "dwarf-with-dsym";
				ENABLE_NS_ASSERTIONS = NO;
				ENABLE_STRICT_OBJC_MSGSEND = YES;
				GCC_C_LANGUAGE_STANDARD = gnu11;
				GCC_NO_COMMON_BLOCKS = YES;
				GCC_WARN_64_TO_32_BIT_CONVERSION = YES;
				GCC_WARN_ABOUT_RETURN_TYPE = YES_ERROR;
				GCC_WARN_UNDECLARED_SELECTOR = YES;
				GCC_WARN_UNINITIALIZED_AUTOS = YES_AGGRESSIVE;
				GCC_WARN_UNUSED_FUNCTION = YES;
				GCC_WARN_UNUSED_VARIABLE = YES;
				IPHONEOS_DEPLOYMENT_TARGET = 16.1;
				MTL_ENABLE_DEBUG_INFO = NO;
				MTL_FAST_MATH = YES;
				SDKROOT = iphoneos;
				SWIFT_COMPILATION_MODE = wholemodule;
				SWIFT_OPTIMIZATION_LEVEL = "-O";
				VALIDATE_PRODUCT = YES;
			};
			name = Release;
		};
		116FC15D298774D700B1A2B6 /* Debug */ = {
			isa = XCBuildConfiguration;
			buildSettings = {
				ASSETCATALOG_COMPILER_APPICON_NAME = AppIcon;
				ASSETCATALOG_COMPILER_GLOBAL_ACCENT_COLOR_NAME = AccentColor;
				CODE_SIGN_STYLE = Automatic;
				CURRENT_PROJECT_VERSION = 1;
				DEVELOPMENT_ASSET_PATHS = "\"ItemManager/Preview Content\"";
				DEVELOPMENT_TEAM = 575NKNQV6Z;
				ENABLE_PREVIEWS = YES;
				GENERATE_INFOPLIST_FILE = YES;
				INFOPLIST_FILE = ItemManager/Info.plist;
				INFOPLIST_KEY_UIApplicationSceneManifest_Generation = YES;
				INFOPLIST_KEY_UIApplicationSupportsIndirectInputEvents = YES;
				INFOPLIST_KEY_UILaunchScreen_Generation = YES;
				INFOPLIST_KEY_UISupportedInterfaceOrientations_iPad = "UIInterfaceOrientationPortrait UIInterfaceOrientationPortraitUpsideDown UIInterfaceOrientationLandscapeLeft UIInterfaceOrientationLandscapeRight";
				INFOPLIST_KEY_UISupportedInterfaceOrientations_iPhone = "UIInterfaceOrientationPortrait UIInterfaceOrientationLandscapeLeft UIInterfaceOrientationLandscapeRight";
				LD_RUNPATH_SEARCH_PATHS = (
					"$(inherited)",
					"@executable_path/Frameworks",
				);
				MARKETING_VERSION = 1.0;
				PRODUCT_BUNDLE_IDENTIFIER = com.shionkoga.itemmanager;
				PRODUCT_NAME = "$(TARGET_NAME)";
				SWIFT_EMIT_LOC_STRINGS = YES;
				SWIFT_VERSION = 5.0;
				TARGETED_DEVICE_FAMILY = "1,2";
			};
			name = Debug;
		};
		116FC15E298774D700B1A2B6 /* Release */ = {
			isa = XCBuildConfiguration;
			buildSettings = {
				ASSETCATALOG_COMPILER_APPICON_NAME = AppIcon;
				ASSETCATALOG_COMPILER_GLOBAL_ACCENT_COLOR_NAME = AccentColor;
				CODE_SIGN_STYLE = Automatic;
				CURRENT_PROJECT_VERSION = 1;
				DEVELOPMENT_ASSET_PATHS = "\"ItemManager/Preview Content\"";
				DEVELOPMENT_TEAM = 575NKNQV6Z;
				ENABLE_PREVIEWS = YES;
				GENERATE_INFOPLIST_FILE = YES;
				INFOPLIST_FILE = ItemManager/Info.plist;
				INFOPLIST_KEY_UIApplicationSceneManifest_Generation = YES;
				INFOPLIST_KEY_UIApplicationSupportsIndirectInputEvents = YES;
				INFOPLIST_KEY_UILaunchScreen_Generation = YES;
				INFOPLIST_KEY_UISupportedInterfaceOrientations_iPad = "UIInterfaceOrientationPortrait UIInterfaceOrientationPortraitUpsideDown UIInterfaceOrientationLandscapeLeft UIInterfaceOrientationLandscapeRight";
				INFOPLIST_KEY_UISupportedInterfaceOrientations_iPhone = "UIInterfaceOrientationPortrait UIInterfaceOrientationLandscapeLeft UIInterfaceOrientationLandscapeRight";
				LD_RUNPATH_SEARCH_PATHS = (
					"$(inherited)",
					"@executable_path/Frameworks",
				);
				MARKETING_VERSION = 1.0;
				PRODUCT_BUNDLE_IDENTIFIER = com.shionkoga.itemmanager;
				PRODUCT_NAME = "$(TARGET_NAME)";
				SWIFT_EMIT_LOC_STRINGS = YES;
				SWIFT_VERSION = 5.0;
				TARGETED_DEVICE_FAMILY = "1,2";
			};
			name = Release;
		};
/* End XCBuildConfiguration section */

/* Begin XCConfigurationList section */
		116FC149298774D500B1A2B6 /* Build configuration list for PBXProject "ItemManager" */ = {
			isa = XCConfigurationList;
			buildConfigurations = (
				116FC15A298774D700B1A2B6 /* Debug */,
				116FC15B298774D700B1A2B6 /* Release */,
			);
			defaultConfigurationIsVisible = 0;
			defaultConfigurationName = Release;
		};
		116FC15C298774D700B1A2B6 /* Build configuration list for PBXNativeTarget "ItemManager" */ = {
			isa = XCConfigurationList;
			buildConfigurations = (
				116FC15D298774D700B1A2B6 /* Debug */,
				116FC15E298774D700B1A2B6 /* Release */,
			);
			defaultConfigurationIsVisible = 0;
			defaultConfigurationName = Release;
		};
/* End XCConfigurationList section */

/* Begin XCRemoteSwiftPackageReference section */
		111E425B298EA6FD00D11525 /* XCRemoteSwiftPackageReference "CodableFirebase" */ = {
			isa = XCRemoteSwiftPackageReference;
			repositoryURL = "https://github.com/alickbass/CodableFirebase.git";
			requirement = {
				branch = master;
				kind = branch;
			};
		};
		111E425E298EABCE00D11525 /* XCRemoteSwiftPackageReference "firebase-ios-sdk" */ = {
			isa = XCRemoteSwiftPackageReference;
			repositoryURL = "https://github.com/firebase/firebase-ios-sdk";
			requirement = {
				branch = master;
				kind = branch;
			};
		};
		1157EEA9298E909300F9FE3F /* XCRemoteSwiftPackageReference "GoogleSignIn-iOS" */ = {
			isa = XCRemoteSwiftPackageReference;
			repositoryURL = "https://github.com/google/GoogleSignIn-iOS";
			requirement = {
				kind = exactVersion;
				version = 6.2.4;
			};
		};
/* End XCRemoteSwiftPackageReference section */

/* Begin XCSwiftPackageProductDependency section */
		111E425C298EA6FD00D11525 /* CodableFirebase */ = {
			isa = XCSwiftPackageProductDependency;
			package = 111E425B298EA6FD00D11525 /* XCRemoteSwiftPackageReference "CodableFirebase" */;
			productName = CodableFirebase;
		};
		111E425F298EABCE00D11525 /* FirebaseAuth */ = {
			isa = XCSwiftPackageProductDependency;
			package = 111E425E298EABCE00D11525 /* XCRemoteSwiftPackageReference "firebase-ios-sdk" */;
			productName = FirebaseAuth;
		};
		111E4261298EABCE00D11525 /* FirebaseDatabase */ = {
			isa = XCSwiftPackageProductDependency;
			package = 111E425E298EABCE00D11525 /* XCRemoteSwiftPackageReference "firebase-ios-sdk" */;
			productName = FirebaseDatabase;
		};
		111E4263298EABCE00D11525 /* FirebaseDatabaseSwift */ = {
			isa = XCSwiftPackageProductDependency;
			package = 111E425E298EABCE00D11525 /* XCRemoteSwiftPackageReference "firebase-ios-sdk" */;
			productName = FirebaseDatabaseSwift;
		};
		111E4265298EABCE00D11525 /* FirebaseMessaging */ = {
			isa = XCSwiftPackageProductDependency;
			package = 111E425E298EABCE00D11525 /* XCRemoteSwiftPackageReference "firebase-ios-sdk" */;
			productName = FirebaseMessaging;
		};
		111E4267298EABCE00D11525 /* FirebaseStorage */ = {
			isa = XCSwiftPackageProductDependency;
			package = 111E425E298EABCE00D11525 /* XCRemoteSwiftPackageReference "firebase-ios-sdk" */;
			productName = FirebaseStorage;
		};
		1157EEAA298E909300F9FE3F /* GoogleSignIn */ = {
			isa = XCSwiftPackageProductDependency;
			package = 1157EEA9298E909300F9FE3F /* XCRemoteSwiftPackageReference "GoogleSignIn-iOS" */;
			productName = GoogleSignIn;
		};
		1157EEAC298E909300F9FE3F /* GoogleSignInSwift */ = {
			isa = XCSwiftPackageProductDependency;
			package = 1157EEA9298E909300F9FE3F /* XCRemoteSwiftPackageReference "GoogleSignIn-iOS" */;
			productName = GoogleSignInSwift;
		};
/* End XCSwiftPackageProductDependency section */
	};
	rootObject = 116FC146298774D500B1A2B6 /* Project object */;
}
